<?xml version="1.0" encoding="utf-8"?>
<Project ToolsVersion="4.0" xmlns="http://schemas.microsoft.com/developer/msbuild/2003">
  <ItemGroup>
    <Filter Include="Source Files">
      <UniqueIdentifier>{4FC737F1-C7A5-4376-A066-2A32D752A2FF}</UniqueIdentifier>
      <Extensions>cpp;c;cc;cxx;def;odl;idl;hpj;bat;asm;asmx</Extensions>
    </Filter>
    <Filter Include="Header Files">
      <UniqueIdentifier>{93995380-89BD-4b04-88EB-625FBE52EBFB}</UniqueIdentifier>
      <Extensions>h;hh;hpp;hxx;hm;inl;inc;ipp;xsd</Extensions>
    </Filter>
    <Filter Include="Resource Files">
      <UniqueIdentifier>{67DA6AB6-F800-4c08-8B7A-83BB121AAD01}</UniqueIdentifier>
      <Extensions>rc;ico;cur;bmp;dlg;rc2;rct;bin;rgs;gif;jpg;jpeg;jpe;resx;tiff;tif;png;wav;mfcribbon-ms</Extensions>
    </Filter>
    <Filter Include="Source Files\CommonStructures">
      <UniqueIdentifier>{9c453893-7537-474f-beba-08b20afdc0a3}</UniqueIdentifier>
    </Filter>
    <Filter Include="Source Files\GameObjects">
      <UniqueIdentifier>{88e492a4-5466-4c97-82ab-b8b804883464}</UniqueIdentifier>
    </Filter>
    <Filter Include="Source Files\GameObjects\Tree">
      <UniqueIdentifier>{b71cc2aa-9214-4931-b52b-8217844ca91d}</UniqueIdentifier>
    </Filter>
    <Filter Include="Source Files\Utils">
      <UniqueIdentifier>{21a85899-638a-4f78-a9ce-a31ecd9fa24c}</UniqueIdentifier>
    </Filter>
    <Filter Include="Source Files\Levels">
      <UniqueIdentifier>{24a669d2-1365-4815-99b4-f33eef44653c}</UniqueIdentifier>
    </Filter>
    <Filter Include="Source Files\Interfaces">
      <UniqueIdentifier>{764377d8-43db-4f24-98ea-16d7e3e3ae91}</UniqueIdentifier>
    </Filter>
  </ItemGroup>
  <ItemGroup>
    <ClInclude Include="Headers\Bee.h">
      <Filter>Header Files</Filter>
    </ClInclude>
    <ClInclude Include="Headers\Cloud.h">
      <Filter>Header Files</Filter>
    </ClInclude>
    <ClInclude Include="Headers\LoadedAssets.h">
      <Filter>Header Files</Filter>
    </ClInclude>
    <ClInclude Include="Headers\Screen.h">
      <Filter>Header Files</Filter>
    </ClInclude>
    <ClInclude Include="Headers\SpriteGameObject.h">
      <Filter>Header Files</Filter>
    </ClInclude>
    <ClInclude Include="Headers\Utils.h">
      <Filter>Header Files</Filter>
    </ClInclude>
    <ClInclude Include="Headers\Vec2D.h">
      <Filter>Header Files</Filter>
    </ClInclude>
    <ClInclude Include="Headers\Word.h">
      <Filter>Header Files</Filter>
    </ClInclude>
    <ClInclude Include="Headers\Pivot.h">
      <Filter>Header Files</Filter>
    </ClInclude>
    <ClInclude Include="Headers\Constants.h">
      <Filter>Header Files</Filter>
    </ClInclude>
    <ClInclude Include="Headers\Branch.h">
      <Filter>Header Files</Filter>
    </ClInclude>
    <ClInclude Include="Headers\Tree.h">
      <Filter>Header Files</Filter>
    </ClInclude>
    <ClInclude Include="Headers\AnimatedSpriteObject.h">
      <Filter>Header Files</Filter>
    </ClInclude>
    <ClInclude Include="resource.h">
      <Filter>Header Files</Filter>
    </ClInclude>
    <ClInclude Include="Headers\JungleView.h">
      <Filter>Header Files</Filter>
    </ClInclude>
    <ClInclude Include="Headers\BaseView.h">
      <Filter>Header Files</Filter>
    </ClInclude>
    <ClInclude Include="Headers\Vertices.h">
      <Filter>Header Files</Filter>
    </ClInclude>
  </ItemGroup>
  <ItemGroup>
    <ClCompile Include="Scripts\CommonStructures\Pivot.cpp">
      <Filter>Source Files\CommonStructures</Filter>
    </ClCompile>
    <ClCompile Include="Scripts\CommonStructures\Screen.cpp">
      <Filter>Source Files\CommonStructures</Filter>
    </ClCompile>
    <ClCompile Include="Scripts\CommonStructures\Vec2D.cpp">
      <Filter>Source Files\CommonStructures</Filter>
    </ClCompile>
    <ClCompile Include="Scripts\GameObjects\Bee.cpp">
      <Filter>Source Files\GameObjects</Filter>
    </ClCompile>
    <ClCompile Include="Scripts\GameObjects\Cloud.cpp">
      <Filter>Source Files\GameObjects</Filter>
    </ClCompile>
    <ClCompile Include="Scripts\GameObjects\SpriteGameObject.cpp">
      <Filter>Source Files\GameObjects</Filter>
    </ClCompile>
    <ClCompile Include="Scripts\GameObjects\Word.cpp">
      <Filter>Source Files\GameObjects</Filter>
    </ClCompile>
    <ClCompile Include="Scripts\Utils\LoadedAssets.cpp">
      <Filter>Source Files\Utils</Filter>
    </ClCompile>
    <ClCompile Include="Scripts\Utils\Utils.cpp">
      <Filter>Source Files\Utils</Filter>
    </ClCompile>
    <ClCompile Include="Timber.cpp">
      <Filter>Source Files</Filter>
    </ClCompile>
    <ClCompile Include="Scripts\Utils\Constants.cpp">
      <Filter>Source Files\Utils</Filter>
    </ClCompile>
    <ClCompile Include="Scripts\GameObjects\Tree\Branch.cpp">
      <Filter>Source Files\GameObjects\Tree</Filter>
    </ClCompile>
    <ClCompile Include="Scripts\GameObjects\Tree\Tree.cpp">
      <Filter>Source Files\GameObjects\Tree</Filter>
    </ClCompile>
    <ClCompile Include="Scripts\GameObjects\AnimatedSpriteObject.cpp">
      <Filter>Source Files\GameObjects</Filter>
    </ClCompile>
    <ClCompile Include="Scripts\BaseView.cpp">
      <Filter>Source Files</Filter>
    </ClCompile>
    <ClCompile Include="Scripts\CommonStructures\Vertices.cpp">
      <Filter>Source Files\CommonStructures</Filter>
    </ClCompile>
    <ClCompile Include="Scripts\Levels\JungleView.cpp">
      <Filter>Source Files\Levels</Filter>
    </ClCompile>
  </ItemGroup>
  <ItemGroup>
    <ResourceCompile Include="Timber.rc">
      <Filter>Resource Files</Filter>
    </ResourceCompile>
  </ItemGroup>
</Project>